
Microsoft Visual Studio Solution File, Format Version 12.00
# Visual Studio Version 17
VisualStudioVersion = 17.5.33516.290
MinimumVisualStudioVersion = 10.0.40219.1
Project("{FAE04EC0-301F-11D3-BF4B-00C04F79EFBC}") = "FastApiWebhook", "NewWebhookConfigurator\FastApiWebhook.csproj", "{7DDEAE75-51D1-4A9F-BE46-06B70F34C813}"
EndProject
Global
	GlobalSection(SolutionConfigurationPlatforms) = preSolution
		Debug|Any CPU = Debug|Any CPU
		Release|Any CPU = Release|Any CPU
	EndGlobalSection
	GlobalSection(ProjectConfigurationPlatforms) = postSolution
		{7DDEAE75-51D1-4A9F-BE46-06B70F34C813}.Debug|Any CPU.ActiveCfg = Debug|Any CPU
		{7DDEAE75-51D1-4A9F-BE46-06B70F34C813}.Debug|Any CPU.Build.0 = Debug|Any CPU
		{7DDEAE75-51D1-4A9F-BE46-06B70F34C813}.Release|Any CPU.ActiveCfg = Release|Any CPU
		{7DDEAE75-51D1-4A9F-BE46-06B70F34C813}.Release|Any CPU.Build.0 = Release|Any CPU
	EndGlobalSection
	GlobalSection(SolutionProperties) = preSolution
		HideSolutionNode = FALSE
	EndGlobalSection
	GlobalSection(ExtensibilityGlobals) = postSolution
		SolutionGuid = {6E9E62B2-AC3B-4F36-BD60-0448FF7DE334}
	EndGlobalSection
EndGlobal
